// !$*UTF8*$!
{
	archiveVersion = 1;
	classes = {
	};
	objectVersion = 46;
	objects = {

/* Begin PBXBuildFile section */
		068EB15717794FCD00A34F9A /* Data-Hunter-iOS_juzi.txt in Resources */ = {isa = PBXBuildFile; fileRef = 068EB15617794FCD00A34F9A /* Data-Hunter-iOS_juzi.txt */; };
		068EB15A177952F000A34F9A /* DHUserModel.m in Sources */ = {isa = PBXBuildFile; fileRef = 068EB159177952F000A34F9A /* DHUserModel.m */; };
		068EB15D177952FF00A34F9A /* DHTextModel.m in Sources */ = {isa = PBXBuildFile; fileRef = 068EB15C177952FF00A34F9A /* DHTextModel.m */; };
		068EB1601779530A00A34F9A /* DHVoiceModel.m in Sources */ = {isa = PBXBuildFile; fileRef = 068EB15F1779530A00A34F9A /* DHVoiceModel.m */; };
		068EB1631779580400A34F9A /* DHObjectModel.m in Sources */ = {isa = PBXBuildFile; fileRef = 068EB1621779580400A34F9A /* DHObjectModel.m */; };
		068EB1A4177979E500A34F9A /* Underscore+Functional.m in Sources */ = {isa = PBXBuildFile; fileRef = 068EB199177979E500A34F9A /* Underscore+Functional.m */; };
		068EB1A5177979E500A34F9A /* Underscore.m in Sources */ = {isa = PBXBuildFile; fileRef = 068EB19C177979E500A34F9A /* Underscore.m */; };
		068EB1A6177979E500A34F9A /* USArrayWrapper.m in Sources */ = {isa = PBXBuildFile; fileRef = 068EB19E177979E500A34F9A /* USArrayWrapper.m */; };
		068EB1A7177979E500A34F9A /* USDictionaryWrapper.m in Sources */ = {isa = PBXBuildFile; fileRef = 068EB1A1177979E500A34F9A /* USDictionaryWrapper.m */; };
		06C5CEDC17782D4400E217CD /* UIKit.framework in Frameworks */ = {isa = PBXBuildFile; fileRef = 06C5CEDB17782D4400E217CD /* UIKit.framework */; };
		06C5CEDE17782D4400E217CD /* Foundation.framework in Frameworks */ = {isa = PBXBuildFile; fileRef = 06C5CEDD17782D4400E217CD /* Foundation.framework */; };
		06C5CEE017782D4500E217CD /* CoreGraphics.framework in Frameworks */ = {isa = PBXBuildFile; fileRef = 06C5CEDF17782D4400E217CD /* CoreGraphics.framework */; };
		06C5CEE617782D4500E217CD /* InfoPlist.strings in Resources */ = {isa = PBXBuildFile; fileRef = 06C5CEE417782D4500E217CD /* InfoPlist.strings */; };
		06C5CEE817782D4500E217CD /* main.m in Sources */ = {isa = PBXBuildFile; fileRef = 06C5CEE717782D4500E217CD /* main.m */; };
		06C5CEEC17782D4500E217CD /* DHAppDelegate.m in Sources */ = {isa = PBXBuildFile; fileRef = 06C5CEEB17782D4500E217CD /* DHAppDelegate.m */; };
		06C5CEEE17782D4500E217CD /* Default.png in Resources */ = {isa = PBXBuildFile; fileRef = 06C5CEED17782D4500E217CD /* Default.png */; };
		06C5CEF017782D4500E217CD /* Default@2x.png in Resources */ = {isa = PBXBuildFile; fileRef = 06C5CEEF17782D4500E217CD /* Default@2x.png */; };
		06C5CEF217782D4500E217CD /* Default-568h@2x.png in Resources */ = {isa = PBXBuildFile; fileRef = 06C5CEF117782D4500E217CD /* Default-568h@2x.png */; };
		06C5CEF517782D4500E217CD /* DHRootViewController.m in Sources */ = {isa = PBXBuildFile; fileRef = 06C5CEF417782D4500E217CD /* DHRootViewController.m */; };
		06C5CF0617784A2300E217CD /* AVFoundation.framework in Frameworks */ = {isa = PBXBuildFile; fileRef = 06C5CF0517784A2300E217CD /* AVFoundation.framework */; };
		06C5CF0A17784AB800E217CD /* DHSignInViewController.m in Sources */ = {isa = PBXBuildFile; fileRef = 06C5CF0817784AB800E217CD /* DHSignInViewController.m */; };
		06C5CF0B17784AB800E217CD /* DHSignInViewController.xib in Resources */ = {isa = PBXBuildFile; fileRef = 06C5CF0917784AB800E217CD /* DHSignInViewController.xib */; };
		06C5CF0F17784B0300E217CD /* DHSignUpViewController.m in Sources */ = {isa = PBXBuildFile; fileRef = 06C5CF0D17784B0300E217CD /* DHSignUpViewController.m */; };
		06C5CF1017784B0300E217CD /* DHSignUpViewController.xib in Resources */ = {isa = PBXBuildFile; fileRef = 06C5CF0E17784B0300E217CD /* DHSignUpViewController.xib */; };
		06C5CF141778684100E217CD /* DHEndUserVoiceRecordViewController.m in Sources */ = {isa = PBXBuildFile; fileRef = 06C5CF121778684100E217CD /* DHEndUserVoiceRecordViewController.m */; };
		06C5CF151778684100E217CD /* DHEndUserVoiceRecordViewController.xib in Resources */ = {isa = PBXBuildFile; fileRef = 06C5CF131778684100E217CD /* DHEndUserVoiceRecordViewController.xib */; };
		06C5CF1917786BD900E217CD /* DHMiniGameSlotsViewController.m in Sources */ = {isa = PBXBuildFile; fileRef = 06C5CF1717786BD900E217CD /* DHMiniGameSlotsViewController.m */; };
		06C5CF1A17786BD900E217CD /* DHMiniGameSlotsViewController.xib in Resources */ = {isa = PBXBuildFile; fileRef = 06C5CF1817786BD900E217CD /* DHMiniGameSlotsViewController.xib */; };
/* End PBXBuildFile section */

/* Begin PBXFileReference section */
		068EB15617794FCD00A34F9A /* Data-Hunter-iOS_juzi.txt */ = {isa = PBXFileReference; fileEncoding = 4; lastKnownFileType = text; path = "Data-Hunter-iOS_juzi.txt"; sourceTree = "<group>"; };
		068EB158177952F000A34F9A /* DHUserModel.h */ = {isa = PBXFileReference; fileEncoding = 4; lastKnownFileType = sourcecode.c.h; path = DHUserModel.h; sourceTree = "<group>"; };
		068EB159177952F000A34F9A /* DHUserModel.m */ = {isa = PBXFileReference; fileEncoding = 4; lastKnownFileType = sourcecode.c.objc; path = DHUserModel.m; sourceTree = "<group>"; };
		068EB15B177952FF00A34F9A /* DHTextModel.h */ = {isa = PBXFileReference; fileEncoding = 4; lastKnownFileType = sourcecode.c.h; path = DHTextModel.h; sourceTree = "<group>"; };
		068EB15C177952FF00A34F9A /* DHTextModel.m */ = {isa = PBXFileReference; fileEncoding = 4; lastKnownFileType = sourcecode.c.objc; path = DHTextModel.m; sourceTree = "<group>"; };
		068EB15E1779530A00A34F9A /* DHVoiceModel.h */ = {isa = PBXFileReference; fileEncoding = 4; lastKnownFileType = sourcecode.c.h; path = DHVoiceModel.h; sourceTree = "<group>"; };
		068EB15F1779530A00A34F9A /* DHVoiceModel.m */ = {isa = PBXFileReference; fileEncoding = 4; lastKnownFileType = sourcecode.c.objc; path = DHVoiceModel.m; sourceTree = "<group>"; };
		068EB1611779580400A34F9A /* DHObjectModel.h */ = {isa = PBXFileReference; fileEncoding = 4; lastKnownFileType = sourcecode.c.h; path = DHObjectModel.h; sourceTree = "<group>"; };
		068EB1621779580400A34F9A /* DHObjectModel.m */ = {isa = PBXFileReference; fileEncoding = 4; lastKnownFileType = sourcecode.c.objc; path = DHObjectModel.m; sourceTree = "<group>"; };
		068EB198177979E500A34F9A /* Underscore+Functional.h */ = {isa = PBXFileReference; fileEncoding = 4; lastKnownFileType = sourcecode.c.h; path = "Underscore+Functional.h"; sourceTree = "<group>"; };
		068EB199177979E500A34F9A /* Underscore+Functional.m */ = {isa = PBXFileReference; fileEncoding = 4; lastKnownFileType = sourcecode.c.objc; path = "Underscore+Functional.m"; sourceTree = "<group>"; };
		068EB19A177979E500A34F9A /* Underscore-Prefix.pch */ = {isa = PBXFileReference; fileEncoding = 4; lastKnownFileType = sourcecode.c.h; path = "Underscore-Prefix.pch"; sourceTree = "<group>"; };
		068EB19B177979E500A34F9A /* Underscore.h */ = {isa = PBXFileReference; fileEncoding = 4; lastKnownFileType = sourcecode.c.h; path = Underscore.h; sourceTree = "<group>"; };
		068EB19C177979E500A34F9A /* Underscore.m */ = {isa = PBXFileReference; fileEncoding = 4; lastKnownFileType = sourcecode.c.objc; path = Underscore.m; sourceTree = "<group>"; };
		068EB19D177979E500A34F9A /* USArrayWrapper.h */ = {isa = PBXFileReference; fileEncoding = 4; lastKnownFileType = sourcecode.c.h; path = USArrayWrapper.h; sourceTree = "<group>"; };
		068EB19E177979E500A34F9A /* USArrayWrapper.m */ = {isa = PBXFileReference; fileEncoding = 4; lastKnownFileType = sourcecode.c.objc; path = USArrayWrapper.m; sourceTree = "<group>"; };
		068EB19F177979E500A34F9A /* USConstants.h */ = {isa = PBXFileReference; fileEncoding = 4; lastKnownFileType = sourcecode.c.h; path = USConstants.h; sourceTree = "<group>"; };
		068EB1A0177979E500A34F9A /* USDictionaryWrapper.h */ = {isa = PBXFileReference; fileEncoding = 4; lastKnownFileType = sourcecode.c.h; path = USDictionaryWrapper.h; sourceTree = "<group>"; };
		068EB1A1177979E500A34F9A /* USDictionaryWrapper.m */ = {isa = PBXFileReference; fileEncoding = 4; lastKnownFileType = sourcecode.c.objc; path = USDictionaryWrapper.m; sourceTree = "<group>"; };
		06C5CED817782D4400E217CD /* Data-Hunter-iOS.app */ = {isa = PBXFileReference; explicitFileType = wrapper.application; includeInIndex = 0; path = "Data-Hunter-iOS.app"; sourceTree = BUILT_PRODUCTS_DIR; };
		06C5CEDB17782D4400E217CD /* UIKit.framework */ = {isa = PBXFileReference; lastKnownFileType = wrapper.framework; name = UIKit.framework; path = System/Library/Frameworks/UIKit.framework; sourceTree = SDKROOT; };
		06C5CEDD17782D4400E217CD /* Foundation.framework */ = {isa = PBXFileReference; lastKnownFileType = wrapper.framework; name = Foundation.framework; path = System/Library/Frameworks/Foundation.framework; sourceTree = SDKROOT; };
		06C5CEDF17782D4400E217CD /* CoreGraphics.framework */ = {isa = PBXFileReference; lastKnownFileType = wrapper.framework; name = CoreGraphics.framework; path = System/Library/Frameworks/CoreGraphics.framework; sourceTree = SDKROOT; };
		06C5CEE317782D4500E217CD /* Data-Hunter-iOS-Info.plist */ = {isa = PBXFileReference; lastKnownFileType = text.plist.xml; path = "Data-Hunter-iOS-Info.plist"; sourceTree = "<group>"; };
		06C5CEE517782D4500E217CD /* en */ = {isa = PBXFileReference; lastKnownFileType = text.plist.strings; name = en; path = en.lproj/InfoPlist.strings; sourceTree = "<group>"; };
		06C5CEE717782D4500E217CD /* main.m */ = {isa = PBXFileReference; lastKnownFileType = sourcecode.c.objc; path = main.m; sourceTree = "<group>"; };
		06C5CEE917782D4500E217CD /* Data-Hunter-iOS-Prefix.pch */ = {isa = PBXFileReference; lastKnownFileType = sourcecode.c.h; path = "Data-Hunter-iOS-Prefix.pch"; sourceTree = "<group>"; };
		06C5CEEA17782D4500E217CD /* DHAppDelegate.h */ = {isa = PBXFileReference; lastKnownFileType = sourcecode.c.h; path = DHAppDelegate.h; sourceTree = "<group>"; };
		06C5CEEB17782D4500E217CD /* DHAppDelegate.m */ = {isa = PBXFileReference; lastKnownFileType = sourcecode.c.objc; path = DHAppDelegate.m; sourceTree = "<group>"; };
		06C5CEED17782D4500E217CD /* Default.png */ = {isa = PBXFileReference; lastKnownFileType = image.png; path = Default.png; sourceTree = "<group>"; };
		06C5CEEF17782D4500E217CD /* Default@2x.png */ = {isa = PBXFileReference; lastKnownFileType = image.png; path = "Default@2x.png"; sourceTree = "<group>"; };
		06C5CEF117782D4500E217CD /* Default-568h@2x.png */ = {isa = PBXFileReference; lastKnownFileType = image.png; path = "Default-568h@2x.png"; sourceTree = "<group>"; };
		06C5CEF317782D4500E217CD /* DHRootViewController.h */ = {isa = PBXFileReference; lastKnownFileType = sourcecode.c.h; path = DHRootViewController.h; sourceTree = "<group>"; };
		06C5CEF417782D4500E217CD /* DHRootViewController.m */ = {isa = PBXFileReference; lastKnownFileType = sourcecode.c.objc; path = DHRootViewController.m; sourceTree = "<group>"; };
		06C5CF0517784A2300E217CD /* AVFoundation.framework */ = {isa = PBXFileReference; lastKnownFileType = wrapper.framework; name = AVFoundation.framework; path = System/Library/Frameworks/AVFoundation.framework; sourceTree = SDKROOT; };
		06C5CF0717784AB800E217CD /* DHSignInViewController.h */ = {isa = PBXFileReference; fileEncoding = 4; lastKnownFileType = sourcecode.c.h; path = DHSignInViewController.h; sourceTree = "<group>"; };
		06C5CF0817784AB800E217CD /* DHSignInViewController.m */ = {isa = PBXFileReference; fileEncoding = 4; lastKnownFileType = sourcecode.c.objc; path = DHSignInViewController.m; sourceTree = "<group>"; };
		06C5CF0917784AB800E217CD /* DHSignInViewController.xib */ = {isa = PBXFileReference; fileEncoding = 4; lastKnownFileType = file.xib; path = DHSignInViewController.xib; sourceTree = "<group>"; };
		06C5CF0C17784B0300E217CD /* DHSignUpViewController.h */ = {isa = PBXFileReference; fileEncoding = 4; lastKnownFileType = sourcecode.c.h; path = DHSignUpViewController.h; sourceTree = "<group>"; };
		06C5CF0D17784B0300E217CD /* DHSignUpViewController.m */ = {isa = PBXFileReference; fileEncoding = 4; lastKnownFileType = sourcecode.c.objc; path = DHSignUpViewController.m; sourceTree = "<group>"; };
		06C5CF0E17784B0300E217CD /* DHSignUpViewController.xib */ = {isa = PBXFileReference; fileEncoding = 4; lastKnownFileType = file.xib; path = DHSignUpViewController.xib; sourceTree = "<group>"; };
		06C5CF111778684100E217CD /* DHEndUserVoiceRecordViewController.h */ = {isa = PBXFileReference; fileEncoding = 4; lastKnownFileType = sourcecode.c.h; path = DHEndUserVoiceRecordViewController.h; sourceTree = "<group>"; };
		06C5CF121778684100E217CD /* DHEndUserVoiceRecordViewController.m */ = {isa = PBXFileReference; fileEncoding = 4; lastKnownFileType = sourcecode.c.objc; path = DHEndUserVoiceRecordViewController.m; sourceTree = "<group>"; };
		06C5CF131778684100E217CD /* DHEndUserVoiceRecordViewController.xib */ = {isa = PBXFileReference; fileEncoding = 4; lastKnownFileType = file.xib; path = DHEndUserVoiceRecordViewController.xib; sourceTree = "<group>"; };
		06C5CF1617786BD900E217CD /* DHMiniGameSlotsViewController.h */ = {isa = PBXFileReference; fileEncoding = 4; lastKnownFileType = sourcecode.c.h; path = DHMiniGameSlotsViewController.h; sourceTree = "<group>"; };
		06C5CF1717786BD900E217CD /* DHMiniGameSlotsViewController.m */ = {isa = PBXFileReference; fileEncoding = 4; lastKnownFileType = sourcecode.c.objc; path = DHMiniGameSlotsViewController.m; sourceTree = "<group>"; };
		06C5CF1817786BD900E217CD /* DHMiniGameSlotsViewController.xib */ = {isa = PBXFileReference; fileEncoding = 4; lastKnownFileType = file.xib; path = DHMiniGameSlotsViewController.xib; sourceTree = "<group>"; };
		06C5CF1B1778714300E217CD /* DHConfig.h */ = {isa = PBXFileReference; lastKnownFileType = sourcecode.c.h; path = DHConfig.h; sourceTree = "<group>"; };
/* End PBXFileReference section */

/* Begin PBXFrameworksBuildPhase section */
		06C5CED517782D4400E217CD /* Frameworks */ = {
			isa = PBXFrameworksBuildPhase;
			buildActionMask = 2147483647;
			files = (
				06C5CF0617784A2300E217CD /* AVFoundation.framework in Frameworks */,
				06C5CEDC17782D4400E217CD /* UIKit.framework in Frameworks */,
				06C5CEDE17782D4400E217CD /* Foundation.framework in Frameworks */,
				06C5CEE017782D4500E217CD /* CoreGraphics.framework in Frameworks */,
			);
			runOnlyForDeploymentPostprocessing = 0;
		};
/* End PBXFrameworksBuildPhase section */

/* Begin PBXGroup section */
		068EB1641779799700A34F9A /* Libs */ = {
			isa = PBXGroup;
			children = (
				068EB195177979E500A34F9A /* Underscore */,
			);
			name = Libs;
			sourceTree = "<group>";
		};
		068EB195177979E500A34F9A /* Underscore */ = {
			isa = PBXGroup;
			children = (
				068EB198177979E500A34F9A /* Underscore+Functional.h */,
				068EB199177979E500A34F9A /* Underscore+Functional.m */,
				068EB19A177979E500A34F9A /* Underscore-Prefix.pch */,
				068EB19B177979E500A34F9A /* Underscore.h */,
				068EB19C177979E500A34F9A /* Underscore.m */,
				068EB19D177979E500A34F9A /* USArrayWrapper.h */,
				068EB19E177979E500A34F9A /* USArrayWrapper.m */,
				068EB19F177979E500A34F9A /* USConstants.h */,
				068EB1A0177979E500A34F9A /* USDictionaryWrapper.h */,
				068EB1A1177979E500A34F9A /* USDictionaryWrapper.m */,
			);
			name = Underscore;
			path = "Data-Hunter-iOS/Underscore";
			sourceTree = "<group>";
		};
		06C5CECF17782D4400E217CD = {
			isa = PBXGroup;
			children = (
				06C5CEE117782D4500E217CD /* Data-Hunter-iOS */,
				068EB1641779799700A34F9A /* Libs */,
				06C5CEDA17782D4400E217CD /* Frameworks */,
				06C5CED917782D4400E217CD /* Products */,
			);
			sourceTree = "<group>";
		};
		06C5CED917782D4400E217CD /* Products */ = {
			isa = PBXGroup;
			children = (
				06C5CED817782D4400E217CD /* Data-Hunter-iOS.app */,
			);
			name = Products;
			sourceTree = "<group>";
		};
		06C5CEDA17782D4400E217CD /* Frameworks */ = {
			isa = PBXGroup;
			children = (
				06C5CF0517784A2300E217CD /* AVFoundation.framework */,
				06C5CEDB17782D4400E217CD /* UIKit.framework */,
				06C5CEDD17782D4400E217CD /* Foundation.framework */,
				06C5CEDF17782D4400E217CD /* CoreGraphics.framework */,
			);
			name = Frameworks;
			sourceTree = "<group>";
		};
		06C5CEE117782D4500E217CD /* Data-Hunter-iOS */ = {
			isa = PBXGroup;
			children = (
				06C5CF04177849FB00E217CD /* Model */,
				06C5CF0217782E5200E217CD /* Account */,
				06C5CF0117782E3600E217CD /* EndUser */,
				06C5CF0017782DFD00E217CD /* Administrator */,
				06C5CF1B1778714300E217CD /* DHConfig.h */,
				06C5CEEA17782D4500E217CD /* DHAppDelegate.h */,
				06C5CEEB17782D4500E217CD /* DHAppDelegate.m */,
				06C5CEF317782D4500E217CD /* DHRootViewController.h */,
				06C5CEF417782D4500E217CD /* DHRootViewController.m */,
				06C5CEFE17782D9E00E217CD /* Resource */,
				06C5CEE217782D4500E217CD /* Supporting Files */,
			);
			path = "Data-Hunter-iOS";
			sourceTree = "<group>";
		};
		06C5CEE217782D4500E217CD /* Supporting Files */ = {
			isa = PBXGroup;
			children = (
				06C5CEE317782D4500E217CD /* Data-Hunter-iOS-Info.plist */,
				06C5CEE417782D4500E217CD /* InfoPlist.strings */,
				06C5CEE717782D4500E217CD /* main.m */,
				06C5CEE917782D4500E217CD /* Data-Hunter-iOS-Prefix.pch */,
				06C5CEED17782D4500E217CD /* Default.png */,
				06C5CEEF17782D4500E217CD /* Default@2x.png */,
				06C5CEF117782D4500E217CD /* Default-568h@2x.png */,
			);
			name = "Supporting Files";
			sourceTree = "<group>";
		};
		06C5CEFE17782D9E00E217CD /* Resource */ = {
			isa = PBXGroup;
			children = (
				068EB15617794FCD00A34F9A /* Data-Hunter-iOS_juzi.txt */,
			);
			name = Resource;
			sourceTree = "<group>";
		};
		06C5CF0017782DFD00E217CD /* Administrator */ = {
			isa = PBXGroup;
			children = (
			);
			name = Administrator;
			sourceTree = "<group>";
		};
		06C5CF0117782E3600E217CD /* EndUser */ = {
			isa = PBXGroup;
			children = (
				06C5CF111778684100E217CD /* DHEndUserVoiceRecordViewController.h */,
				06C5CF121778684100E217CD /* DHEndUserVoiceRecordViewController.m */,
				06C5CF131778684100E217CD /* DHEndUserVoiceRecordViewController.xib */,
				06C5CF1617786BD900E217CD /* DHMiniGameSlotsViewController.h */,
				06C5CF1717786BD900E217CD /* DHMiniGameSlotsViewController.m */,
				06C5CF1817786BD900E217CD /* DHMiniGameSlotsViewController.xib */,
			);
			name = EndUser;
			sourceTree = "<group>";
		};
		06C5CF0217782E5200E217CD /* Account */ = {
			isa = PBXGroup;
			children = (
				06C5CF0717784AB800E217CD /* DHSignInViewController.h */,
				06C5CF0817784AB800E217CD /* DHSignInViewController.m */,
				06C5CF0917784AB800E217CD /* DHSignInViewController.xib */,
				06C5CF0C17784B0300E217CD /* DHSignUpViewController.h */,
				06C5CF0D17784B0300E217CD /* DHSignUpViewController.m */,
				06C5CF0E17784B0300E217CD /* DHSignUpViewController.xib */,
			);
			name = Account;
			sourceTree = "<group>";
		};
		06C5CF04177849FB00E217CD /* Model */ = {
			isa = PBXGroup;
			children = (
				068EB1611779580400A34F9A /* DHObjectModel.h */,
				068EB1621779580400A34F9A /* DHObjectModel.m */,
				068EB158177952F000A34F9A /* DHUserModel.h */,
				068EB159177952F000A34F9A /* DHUserModel.m */,
				068EB15B177952FF00A34F9A /* DHTextModel.h */,
				068EB15C177952FF00A34F9A /* DHTextModel.m */,
				068EB15E1779530A00A34F9A /* DHVoiceModel.h */,
				068EB15F1779530A00A34F9A /* DHVoiceModel.m */,
			);
			name = Model;
			sourceTree = "<group>";
		};
/* End PBXGroup section */

/* Begin PBXNativeTarget section */
		06C5CED717782D4400E217CD /* Data-Hunter-iOS */ = {
			isa = PBXNativeTarget;
			buildConfigurationList = 06C5CEFB17782D4500E217CD /* Build configuration list for PBXNativeTarget "Data-Hunter-iOS" */;
			buildPhases = (
				06C5CED417782D4400E217CD /* Sources */,
				06C5CED517782D4400E217CD /* Frameworks */,
				06C5CED617782D4400E217CD /* Resources */,
			);
			buildRules = (
			);
			dependencies = (
			);
			name = "Data-Hunter-iOS";
			productName = "Data-Hunter-iOS";
			productReference = 06C5CED817782D4400E217CD /* Data-Hunter-iOS.app */;
			productType = "com.apple.product-type.application";
		};
/* End PBXNativeTarget section */

/* Begin PBXProject section */
		06C5CED017782D4400E217CD /* Project object */ = {
			isa = PBXProject;
			attributes = {
				CLASSPREFIX = DH;
				LastUpgradeCheck = 0460;
				ORGANIZATIONNAME = liulishuo;
			};
			buildConfigurationList = 06C5CED317782D4400E217CD /* Build configuration list for PBXProject "Data-Hunter-iOS" */;
			compatibilityVersion = "Xcode 3.2";
			developmentRegion = English;
			hasScannedForEncodings = 0;
			knownRegions = (
				en,
			);
			mainGroup = 06C5CECF17782D4400E217CD;
			productRefGroup = 06C5CED917782D4400E217CD /* Products */;
			projectDirPath = "";
			projectRoot = "";
			targets = (
				06C5CED717782D4400E217CD /* Data-Hunter-iOS */,
			);
		};
/* End PBXProject section */

/* Begin PBXResourcesBuildPhase section */
		06C5CED617782D4400E217CD /* Resources */ = {
			isa = PBXResourcesBuildPhase;
			buildActionMask = 2147483647;
			files = (
				06C5CEE617782D4500E217CD /* InfoPlist.strings in Resources */,
				06C5CEEE17782D4500E217CD /* Default.png in Resources */,
				06C5CEF017782D4500E217CD /* Default@2x.png in Resources */,
				06C5CEF217782D4500E217CD /* Default-568h@2x.png in Resources */,
				06C5CF0B17784AB800E217CD /* DHSignInViewController.xib in Resources */,
				06C5CF1017784B0300E217CD /* DHSignUpViewController.xib in Resources */,
				06C5CF151778684100E217CD /* DHEndUserVoiceRecordViewController.xib in Resources */,
				06C5CF1A17786BD900E217CD /* DHMiniGameSlotsViewController.xib in Resources */,
				068EB15717794FCD00A34F9A /* Data-Hunter-iOS_juzi.txt in Resources */,
			);
			runOnlyForDeploymentPostprocessing = 0;
		};
/* End PBXResourcesBuildPhase section */

/* Begin PBXSourcesBuildPhase section */
		06C5CED417782D4400E217CD /* Sources */ = {
			isa = PBXSourcesBuildPhase;
			buildActionMask = 2147483647;
			files = (
				06C5CEE817782D4500E217CD /* main.m in Sources */,
				06C5CEEC17782D4500E217CD /* DHAppDelegate.m in Sources */,
				06C5CEF517782D4500E217CD /* DHRootViewController.m in Sources */,
				06C5CF0A17784AB800E217CD /* DHSignInViewController.m in Sources */,
				06C5CF0F17784B0300E217CD /* DHSignUpViewController.m in Sources */,
				06C5CF141778684100E217CD /* DHEndUserVoiceRecordViewController.m in Sources */,
				06C5CF1917786BD900E217CD /* DHMiniGameSlotsViewController.m in Sources */,
				068EB15A177952F000A34F9A /* DHUserModel.m in Sources */,
				068EB15D177952FF00A34F9A /* DHTextModel.m in Sources */,
				068EB1601779530A00A34F9A /* DHVoiceModel.m in Sources */,
				068EB1631779580400A34F9A /* DHObjectModel.m in Sources */,
				068EB1A4177979E500A34F9A /* Underscore+Functional.m in Sources */,
				068EB1A5177979E500A34F9A /* Underscore.m in Sources */,
				068EB1A6177979E500A34F9A /* USArrayWrapper.m in Sources */,
				068EB1A7177979E500A34F9A /* USDictionaryWrapper.m in Sources */,
			);
			runOnlyForDeploymentPostprocessing = 0;
		};
/* End PBXSourcesBuildPhase section */

/* Begin PBXVariantGroup section */
		06C5CEE417782D4500E217CD /* InfoPlist.strings */ = {
			isa = PBXVariantGroup;
			children = (
				06C5CEE517782D4500E217CD /* en */,
			);
			name = InfoPlist.strings;
			sourceTree = "<group>";
		};
/* End PBXVariantGroup section */

/* Begin XCBuildConfiguration section */
		06C5CEF917782D4500E217CD /* Debug */ = {
			isa = XCBuildConfiguration;
			buildSettings = {
				ALWAYS_SEARCH_USER_PATHS = NO;
				CLANG_CXX_LANGUAGE_STANDARD = "gnu++0x";
				CLANG_CXX_LIBRARY = "libc++";
				CLANG_ENABLE_OBJC_ARC = YES;
				CLANG_WARN_CONSTANT_CONVERSION = YES;
				CLANG_WARN_EMPTY_BODY = YES;
				CLANG_WARN_ENUM_CONVERSION = YES;
				CLANG_WARN_INT_CONVERSION = YES;
				CLANG_WARN__DUPLICATE_METHOD_MATCH = YES;
				"CODE_SIGN_IDENTITY[sdk=iphoneos*]" = "iPhone Developer";
				COPY_PHASE_STRIP = NO;
				GCC_C_LANGUAGE_STANDARD = gnu99;
				GCC_DYNAMIC_NO_PIC = NO;
				GCC_OPTIMIZATION_LEVEL = 0;
				GCC_PREPROCESSOR_DEFINITIONS = (
					"DEBUG=1",
					"$(inherited)",
				);
				GCC_SYMBOLS_PRIVATE_EXTERN = NO;
				GCC_WARN_ABOUT_RETURN_TYPE = YES;
				GCC_WARN_UNINITIALIZED_AUTOS = YES;
				GCC_WARN_UNUSED_VARIABLE = YES;
				IPHONEOS_DEPLOYMENT_TARGET = 6.0;
				ONLY_ACTIVE_ARCH = YES;
				SDKROOT = iphoneos;
			};
			name = Debug;
		};
		06C5CEFA17782D4500E217CD /* Release */ = {
			isa = XCBuildConfiguration;
			buildSettings = {
				ALWAYS_SEARCH_USER_PATHS = NO;
				CLANG_CXX_LANGUAGE_STANDARD = "gnu++0x";
				CLANG_CXX_LIBRARY = "libc++";
				CLANG_ENABLE_OBJC_ARC = YES;
				CLANG_WARN_CONSTANT_CONVERSION = YES;
				CLANG_WARN_EMPTY_BODY = YES;
				CLANG_WARN_ENUM_CONVERSION = YES;
				CLANG_WARN_INT_CONVERSION = YES;
				CLANG_WARN__DUPLICATE_METHOD_MATCH = YES;
				"CODE_SIGN_IDENTITY[sdk=iphoneos*]" = "iPhone Developer";
				COPY_PHASE_STRIP = YES;
				GCC_C_LANGUAGE_STANDARD = gnu99;
				GCC_WARN_ABOUT_RETURN_TYPE = YES;
				GCC_WARN_UNINITIALIZED_AUTOS = YES;
				GCC_WARN_UNUSED_VARIABLE = YES;
				IPHONEOS_DEPLOYMENT_TARGET = 6.0;
				OTHER_CFLAGS = "-DNS_BLOCK_ASSERTIONS=1";
				SDKROOT = iphoneos;
				VALIDATE_PRODUCT = YES;
			};
			name = Release;
		};
		06C5CEFC17782D4500E217CD /* Debug */ = {
			isa = XCBuildConfiguration;
			buildSettings = {
				GCC_PRECOMPILE_PREFIX_HEADER = YES;
				GCC_PREFIX_HEADER = "Data-Hunter-iOS/Data-Hunter-iOS-Prefix.pch";
				INFOPLIST_FILE = "Data-Hunter-iOS/Data-Hunter-iOS-Info.plist";
				IPHONEOS_DEPLOYMENT_TARGET = 6.0;
				PRODUCT_NAME = "$(TARGET_NAME)";
				TARGETED_DEVICE_FAMILY = 1;
				WRAPPER_EXTENSION = app;
			};
			name = Debug;
		};
		06C5CEFD17782D4500E217CD /* Release */ = {
			isa = XCBuildConfiguration;
			buildSettings = {
				GCC_PRECOMPILE_PREFIX_HEADER = YES;
				GCC_PREFIX_HEADER = "Data-Hunter-iOS/Data-Hunter-iOS-Prefix.pch";
				INFOPLIST_FILE = "Data-Hunter-iOS/Data-Hunter-iOS-Info.plist";
				IPHONEOS_DEPLOYMENT_TARGET = 6.0;
				PRODUCT_NAME = "$(TARGET_NAME)";
				TARGETED_DEVICE_FAMILY = 1;
				WRAPPER_EXTENSION = app;
			};
			name = Release;
		};
/* End XCBuildConfiguration section */

/* Begin XCConfigurationList section */
		06C5CED317782D4400E217CD /* Build configuration list for PBXProject "Data-Hunter-iOS" */ = {
			isa = XCConfigurationList;
			buildConfigurations = (
				06C5CEF917782D4500E217CD /* Debug */,
				06C5CEFA17782D4500E217CD /* Release */,
			);
			defaultConfigurationIsVisible = 0;
			defaultConfigurationName = Release;
		};
		06C5CEFB17782D4500E217CD /* Build configuration list for PBXNativeTarget "Data-Hunter-iOS" */ = {
			isa = XCConfigurationList;
			buildConfigurations = (
				06C5CEFC17782D4500E217CD /* Debug */,
				06C5CEFD17782D4500E217CD /* Release */,
			);
			defaultConfigurationIsVisible = 0;
			defaultConfigurationName = Release;
		};
/* End XCConfigurationList section */
	};
	rootObject = 06C5CED017782D4400E217CD /* Project object */;
}
